
Microsoft Visual Studio Solution File, Format Version 12.00
# Visual Studio Version 17
VisualStudioVersion = 17.0.31903.59
MinimumVisualStudioVersion = 10.0.40219.1
Project("{2150E333-8FDC-42A3-9474-1A3956D46DE8}") = "src", "src", "{827E0CD3-B72D-47B6-A68D-7590B98EB39B}"
EndProject
Project("{FAE04EC0-301F-11D3-BF4B-00C04F79EFBC}") = "CleanSlice.Api", "src\CleanSlice.Api\CleanSlice.Api.csproj", "{1FF9A6AE-6ED6-4638-9F0C-96DBF3E0DE54}"
EndProject
Project("{FAE04EC0-301F-11D3-BF4B-00C04F79EFBC}") = "CleanSlice.Application", "src\CleanSlice.Application\CleanSlice.Application.csproj", "{FF1DE450-ABBE-404F-AA08-97D16C4A2554}"
EndProject
Project("{FAE04EC0-301F-11D3-BF4B-00C04F79EFBC}") = "CleanSlice.Domain", "src\CleanSlice.Domain\CleanSlice.Domain.csproj", "{6C366356-15A4-4290-B079-CD5DB7DBB36D}"
EndProject
Project("{FAE04EC0-301F-11D3-BF4B-00C04F79EFBC}") = "CleanSlice.Infrastructure", "src\CleanSlice.Infrastructure\CleanSlice.Infrastructure.csproj", "{CBADEEAE-1389-421B-9BD1-A1A943DE5CEA}"
EndProject
Project("{FAE04EC0-301F-11D3-BF4B-00C04F79EFBC}") = "CleanSlice.Persistence", "src\CleanSlice.Persistence\CleanSlice.Persistence.csproj", "{45FD6EF8-3F52-4D2F-9E3F-A23FE48C6C87}"
EndProject
Project("{FAE04EC0-301F-11D3-BF4B-00C04F79EFBC}") = "CleanSlice.Shared", "src\CleanSlice.Shared\CleanSlice.Shared.csproj", "{AE2068CF-3493-4838-B13E-BDF3C32E1C82}"
EndProject
Global
	GlobalSection(SolutionConfigurationPlatforms) = preSolution
		Debug|Any CPU = Debug|Any CPU
		Debug|x64 = Debug|x64
		Debug|x86 = Debug|x86
		Release|Any CPU = Release|Any CPU
		Release|x64 = Release|x64
		Release|x86 = Release|x86
	EndGlobalSection
	GlobalSection(ProjectConfigurationPlatforms) = postSolution
		{1FF9A6AE-6ED6-4638-9F0C-96DBF3E0DE54}.Debug|Any CPU.ActiveCfg = Debug|Any CPU
		{1FF9A6AE-6ED6-4638-9F0C-96DBF3E0DE54}.Debug|Any CPU.Build.0 = Debug|Any CPU
		{1FF9A6AE-6ED6-4638-9F0C-96DBF3E0DE54}.Debug|x64.ActiveCfg = Debug|Any CPU
		{1FF9A6AE-6ED6-4638-9F0C-96DBF3E0DE54}.Debug|x64.Build.0 = Debug|Any CPU
		{1FF9A6AE-6ED6-4638-9F0C-96DBF3E0DE54}.Debug|x86.ActiveCfg = Debug|Any CPU
		{1FF9A6AE-6ED6-4638-9F0C-96DBF3E0DE54}.Debug|x86.Build.0 = Debug|Any CPU
		{1FF9A6AE-6ED6-4638-9F0C-96DBF3E0DE54}.Release|Any CPU.ActiveCfg = Release|Any CPU
		{1FF9A6AE-6ED6-4638-9F0C-96DBF3E0DE54}.Release|Any CPU.Build.0 = Release|Any CPU
		{1FF9A6AE-6ED6-4638-9F0C-96DBF3E0DE54}.Release|x64.ActiveCfg = Release|Any CPU
		{1FF9A6AE-6ED6-4638-9F0C-96DBF3E0DE54}.Release|x64.Build.0 = Release|Any CPU
		{1FF9A6AE-6ED6-4638-9F0C-96DBF3E0DE54}.Release|x86.ActiveCfg = Release|Any CPU
		{1FF9A6AE-6ED6-4638-9F0C-96DBF3E0DE54}.Release|x86.Build.0 = Release|Any CPU
		{FF1DE450-ABBE-404F-AA08-97D16C4A2554}.Debug|Any CPU.ActiveCfg = Debug|Any CPU
		{FF1DE450-ABBE-404F-AA08-97D16C4A2554}.Debug|Any CPU.Build.0 = Debug|Any CPU
		{FF1DE450-ABBE-404F-AA08-97D16C4A2554}.Debug|x64.ActiveCfg = Debug|Any CPU
		{FF1DE450-ABBE-404F-AA08-97D16C4A2554}.Debug|x64.Build.0 = Debug|Any CPU
		{FF1DE450-ABBE-404F-AA08-97D16C4A2554}.Debug|x86.ActiveCfg = Debug|Any CPU
		{FF1DE450-ABBE-404F-AA08-97D16C4A2554}.Debug|x86.Build.0 = Debug|Any CPU
		{FF1DE450-ABBE-404F-AA08-97D16C4A2554}.Release|Any CPU.ActiveCfg = Release|Any CPU
		{FF1DE450-ABBE-404F-AA08-97D16C4A2554}.Release|Any CPU.Build.0 = Release|Any CPU
		{FF1DE450-ABBE-404F-AA08-97D16C4A2554}.Release|x64.ActiveCfg = Release|Any CPU
		{FF1DE450-ABBE-404F-AA08-97D16C4A2554}.Release|x64.Build.0 = Release|Any CPU
		{FF1DE450-ABBE-404F-AA08-97D16C4A2554}.Release|x86.ActiveCfg = Release|Any CPU
		{FF1DE450-ABBE-404F-AA08-97D16C4A2554}.Release|x86.Build.0 = Release|Any CPU
		{6C366356-15A4-4290-B079-CD5DB7DBB36D}.Debug|Any CPU.ActiveCfg = Debug|Any CPU
		{6C366356-15A4-4290-B079-CD5DB7DBB36D}.Debug|Any CPU.Build.0 = Debug|Any CPU
		{6C366356-15A4-4290-B079-CD5DB7DBB36D}.Debug|x64.ActiveCfg = Debug|Any CPU
		{6C366356-15A4-4290-B079-CD5DB7DBB36D}.Debug|x64.Build.0 = Debug|Any CPU
		{6C366356-15A4-4290-B079-CD5DB7DBB36D}.Debug|x86.ActiveCfg = Debug|Any CPU
		{6C366356-15A4-4290-B079-CD5DB7DBB36D}.Debug|x86.Build.0 = Debug|Any CPU
		{6C366356-15A4-4290-B079-CD5DB7DBB36D}.Release|Any CPU.ActiveCfg = Release|Any CPU
		{6C366356-15A4-4290-B079-CD5DB7DBB36D}.Release|Any CPU.Build.0 = Release|Any CPU
		{6C366356-15A4-4290-B079-CD5DB7DBB36D}.Release|x64.ActiveCfg = Release|Any CPU
		{6C366356-15A4-4290-B079-CD5DB7DBB36D}.Release|x64.Build.0 = Release|Any CPU
		{6C366356-15A4-4290-B079-CD5DB7DBB36D}.Release|x86.ActiveCfg = Release|Any CPU
		{6C366356-15A4-4290-B079-CD5DB7DBB36D}.Release|x86.Build.0 = Release|Any CPU
		{CBADEEAE-1389-421B-9BD1-A1A943DE5CEA}.Debug|Any CPU.ActiveCfg = Debug|Any CPU
		{CBADEEAE-1389-421B-9BD1-A1A943DE5CEA}.Debug|Any CPU.Build.0 = Debug|Any CPU
		{CBADEEAE-1389-421B-9BD1-A1A943DE5CEA}.Debug|x64.ActiveCfg = Debug|Any CPU
		{CBADEEAE-1389-421B-9BD1-A1A943DE5CEA}.Debug|x64.Build.0 = Debug|Any CPU
		{CBADEEAE-1389-421B-9BD1-A1A943DE5CEA}.Debug|x86.ActiveCfg = Debug|Any CPU
		{CBADEEAE-1389-421B-9BD1-A1A943DE5CEA}.Debug|x86.Build.0 = Debug|Any CPU
		{CBADEEAE-1389-421B-9BD1-A1A943DE5CEA}.Release|Any CPU.ActiveCfg = Release|Any CPU
		{CBADEEAE-1389-421B-9BD1-A1A943DE5CEA}.Release|Any CPU.Build.0 = Release|Any CPU
		{CBADEEAE-1389-421B-9BD1-A1A943DE5CEA}.Release|x64.ActiveCfg = Release|Any CPU
		{CBADEEAE-1389-421B-9BD1-A1A943DE5CEA}.Release|x64.Build.0 = Release|Any CPU
		{CBADEEAE-1389-421B-9BD1-A1A943DE5CEA}.Release|x86.ActiveCfg = Release|Any CPU
		{CBADEEAE-1389-421B-9BD1-A1A943DE5CEA}.Release|x86.Build.0 = Release|Any CPU
		{45FD6EF8-3F52-4D2F-9E3F-A23FE48C6C87}.Debug|Any CPU.ActiveCfg = Debug|Any CPU
		{45FD6EF8-3F52-4D2F-9E3F-A23FE48C6C87}.Debug|Any CPU.Build.0 = Debug|Any CPU
		{45FD6EF8-3F52-4D2F-9E3F-A23FE48C6C87}.Debug|x64.ActiveCfg = Debug|Any CPU
		{45FD6EF8-3F52-4D2F-9E3F-A23FE48C6C87}.Debug|x64.Build.0 = Debug|Any CPU
		{45FD6EF8-3F52-4D2F-9E3F-A23FE48C6C87}.Debug|x86.ActiveCfg = Debug|Any CPU
		{45FD6EF8-3F52-4D2F-9E3F-A23FE48C6C87}.Debug|x86.Build.0 = Debug|Any CPU
		{45FD6EF8-3F52-4D2F-9E3F-A23FE48C6C87}.Release|Any CPU.ActiveCfg = Release|Any CPU
		{45FD6EF8-3F52-4D2F-9E3F-A23FE48C6C87}.Release|Any CPU.Build.0 = Release|Any CPU
		{45FD6EF8-3F52-4D2F-9E3F-A23FE48C6C87}.Release|x64.ActiveCfg = Release|Any CPU
		{45FD6EF8-3F52-4D2F-9E3F-A23FE48C6C87}.Release|x64.Build.0 = Release|Any CPU
		{45FD6EF8-3F52-4D2F-9E3F-A23FE48C6C87}.Release|x86.ActiveCfg = Release|Any CPU
		{45FD6EF8-3F52-4D2F-9E3F-A23FE48C6C87}.Release|x86.Build.0 = Release|Any CPU
		{AE2068CF-3493-4838-B13E-BDF3C32E1C82}.Debug|Any CPU.ActiveCfg = Debug|Any CPU
		{AE2068CF-3493-4838-B13E-BDF3C32E1C82}.Debug|Any CPU.Build.0 = Debug|Any CPU
		{AE2068CF-3493-4838-B13E-BDF3C32E1C82}.Debug|x64.ActiveCfg = Debug|Any CPU
		{AE2068CF-3493-4838-B13E-BDF3C32E1C82}.Debug|x64.Build.0 = Debug|Any CPU
		{AE2068CF-3493-4838-B13E-BDF3C32E1C82}.Debug|x86.ActiveCfg = Debug|Any CPU
		{AE2068CF-3493-4838-B13E-BDF3C32E1C82}.Debug|x86.Build.0 = Debug|Any CPU
		{AE2068CF-3493-4838-B13E-BDF3C32E1C82}.Release|Any CPU.ActiveCfg = Release|Any CPU
		{AE2068CF-3493-4838-B13E-BDF3C32E1C82}.Release|Any CPU.Build.0 = Release|Any CPU
		{AE2068CF-3493-4838-B13E-BDF3C32E1C82}.Release|x64.ActiveCfg = Release|Any CPU
		{AE2068CF-3493-4838-B13E-BDF3C32E1C82}.Release|x64.Build.0 = Release|Any CPU
		{AE2068CF-3493-4838-B13E-BDF3C32E1C82}.Release|x86.ActiveCfg = Release|Any CPU
		{AE2068CF-3493-4838-B13E-BDF3C32E1C82}.Release|x86.Build.0 = Release|Any CPU
	EndGlobalSection
	GlobalSection(SolutionProperties) = preSolution
		HideSolutionNode = FALSE
	EndGlobalSection
	GlobalSection(NestedProjects) = preSolution
		{1FF9A6AE-6ED6-4638-9F0C-96DBF3E0DE54} = {827E0CD3-B72D-47B6-A68D-7590B98EB39B}
		{FF1DE450-ABBE-404F-AA08-97D16C4A2554} = {827E0CD3-B72D-47B6-A68D-7590B98EB39B}
		{6C366356-15A4-4290-B079-CD5DB7DBB36D} = {827E0CD3-B72D-47B6-A68D-7590B98EB39B}
		{CBADEEAE-1389-421B-9BD1-A1A943DE5CEA} = {827E0CD3-B72D-47B6-A68D-7590B98EB39B}
		{45FD6EF8-3F52-4D2F-9E3F-A23FE48C6C87} = {827E0CD3-B72D-47B6-A68D-7590B98EB39B}
		{AE2068CF-3493-4838-B13E-BDF3C32E1C82} = {827E0CD3-B72D-47B6-A68D-7590B98EB39B}
	EndGlobalSection
EndGlobal
